
Microsoft Visual Studio Solution File, Format Version 12.00
# Visual Studio Version 17
VisualStudioVersion = 17.8.34525.116
MinimumVisualStudioVersion = 10.0.40219.1
Project("{FAE04EC0-301F-11D3-BF4B-00C04F79EFBC}") = "BlazorApp1", "BlazorApp1\BlazorApp1.csproj", "{9808939A-62F8-4CB1-8912-D0FF2F3E7C65}"
EndProject
Global
	GlobalSection(SolutionConfigurationPlatforms) = preSolution
		Debug|Any CPU = Debug|Any CPU
		Release|Any CPU = Release|Any CPU
	EndGlobalSection
	GlobalSection(ProjectConfigurationPlatforms) = postSolution
		{9808939A-62F8-4CB1-8912-D0FF2F3E7C65}.Debug|Any CPU.ActiveCfg = Debug|Any CPU
		{9808939A-62F8-4CB1-8912-D0FF2F3E7C65}.Debug|Any CPU.Build.0 = Debug|Any CPU
		{9808939A-62F8-4CB1-8912-D0FF2F3E7C65}.Release|Any CPU.ActiveCfg = Release|Any CPU
		{9808939A-62F8-4CB1-8912-D0FF2F3E7C65}.Release|Any CPU.Build.0 = Release|Any CPU
	EndGlobalSection
	GlobalSection(SolutionProperties) = preSolution
		HideSolutionNode = FALSE
	EndGlobalSection
	GlobalSection(ExtensibilityGlobals) = postSolution
		SolutionGuid = {3521B261-D6CF-4CC4-BF9F-441EF613BEC9}
	EndGlobalSection
EndGlobal
